
Microsoft Visual Studio Solution File, Format Version 12.00
Project("{FAE04EC0-301F-11D3-BF4B-00C04F79EFBC}") = "CatchBot", "CatchBot\CatchBot.csproj", "{EE144ED2-7ACE-4853-A8AD-5BB0A7A9C246}"
EndProject
Global
	GlobalSection(SolutionConfigurationPlatforms) = preSolution
		Debug|Any CPU = Debug|Any CPU
		Release|Any CPU = Release|Any CPU
	EndGlobalSection
	GlobalSection(ProjectConfigurationPlatforms) = postSolution
		{EE144ED2-7ACE-4853-A8AD-5BB0A7A9C246}.Debug|Any CPU.ActiveCfg = Debug|Any CPU
		{EE144ED2-7ACE-4853-A8AD-5BB0A7A9C246}.Debug|Any CPU.Build.0 = Debug|Any CPU
		{EE144ED2-7ACE-4853-A8AD-5BB0A7A9C246}.Release|Any CPU.ActiveCfg = Release|Any CPU
		{EE144ED2-7ACE-4853-A8AD-5BB0A7A9C246}.Release|Any CPU.Build.0 = Release|Any CPU
	EndGlobalSection
EndGlobal
